<?xml version="1.0" encoding="utf-8"?>
<Project ToolsVersion="4.0" xmlns="http://schemas.microsoft.com/developer/msbuild/2003">
  <ItemGroup>
    <Filter Include="Source Files">
      <UniqueIdentifier>{4FC737F1-C7A5-4376-A066-2A32D752A2FF}</UniqueIdentifier>
      <Extensions>cpp;c;cc;cxx;c++;cppm;ixx;def;odl;idl;hpj;bat;asm;asmx</Extensions>
    </Filter>
    <Filter Include="Header Files">
      <UniqueIdentifier>{93995380-89BD-4b04-88EB-625FBE52EBFB}</UniqueIdentifier>
      <Extensions>h;hh;hpp;hxx;h++;hm;inl;inc;ipp;xsd</Extensions>
    </Filter>
    <Filter Include="Resource Files">
      <UniqueIdentifier>{67DA6AB6-F800-4c08-8B7A-83BB121AAD01}</UniqueIdentifier>
      <Extensions>rc;ico;cur;bmp;dlg;rc2;rct;bin;rgs;gif;jpg;jpeg;jpe;resx;tiff;tif;png;wav;mfcribbon-ms</Extensions>
    </Filter>
  </ItemGroup>
  <ItemGroup>
    <ClCompile Include="main.cpp">
      <Filter>Source Files</Filter>
    </ClCompile>
    <ClCompile Include="External\IMGui\imgui.cpp">
      <Filter>Resource Files</Filter>
    </ClCompile>
    <ClCompile Include="External\IMGui\imgui_demo.cpp">
      <Filter>Resource Files</Filter>
    </ClCompile>
    <ClCompile Include="External\IMGui\imgui_draw.cpp">
      <Filter>Resource Files</Filter>
    </ClCompile>
    <ClCompile Include="External\IMGui\imgui_tables.cpp">
      <Filter>Resource Files</Filter>
    </ClCompile>
    <ClCompile Include="External\IMGui\imgui_widgets.cpp">
      <Filter>Resource Files</Filter>
    </ClCompile>
    <ClCompile Include="External\IMGui\imgui_impl_win32.cpp">
      <Filter>Resource Files</Filter>
    </ClCompile>
    <ClCompile Include="pi.cpp">
      <Filter>Source Files</Filter>
    </ClCompile>
    <ClCompile Include="integrate_x_sq.cpp">
      <Filter>Source Files</Filter>
    </ClCompile>
    <ClCompile Include="sphere_importance.cpp">
      <Filter>Source Files</Filter>
    </ClCompile>
    <ClCompile Include="sphere_plot.cpp">
      <Filter>Source Files</Filter>
    </ClCompile>
    <ClCompile Include="cos_cubed.cpp">
      <Filter>Source Files</Filter>
    </ClCompile>
  </ItemGroup>
  <ItemGroup>
    <ClInclude Include="vec3.h">
      <Filter>Header Files</Filter>
    </ClInclude>
    <ClInclude Include="color.h">
      <Filter>Header Files</Filter>
    </ClInclude>
    <ClInclude Include="utill.h">
      <Filter>Header Files</Filter>
    </ClInclude>
    <ClInclude Include="ray.h">
      <Filter>Header Files</Filter>
    </ClInclude>
    <ClInclude Include="hittable.h">
      <Filter>Header Files</Filter>
    </ClInclude>
    <ClInclude Include="sphere.h">
      <Filter>Header Files</Filter>
    </ClInclude>
    <ClInclude Include="hittable_list.h">
      <Filter>Header Files</Filter>
    </ClInclude>
    <ClInclude Include="camera.h">
      <Filter>Header Files</Filter>
    </ClInclude>
    <ClInclude Include="material.h">
      <Filter>Header Files</Filter>
    </ClInclude>
    <ClInclude Include="moving_sphere.h">
      <Filter>Header Files</Filter>
    </ClInclude>
    <ClInclude Include="aabb.h">
      <Filter>Header Files</Filter>
    </ClInclude>
    <ClInclude Include="bvh.h">
      <Filter>Header Files</Filter>
    </ClInclude>
    <ClInclude Include="texture.h">
      <Filter>Header Files</Filter>
    </ClInclude>
    <ClInclude Include="perlin.h">
      <Filter>Header Files</Filter>
    </ClInclude>
    <ClInclude Include="rtw_stb_image.h">
      <Filter>Header Files</Filter>
    </ClInclude>
    <ClInclude Include="aarect.h">
      <Filter>Header Files</Filter>
    </ClInclude>
    <ClInclude Include="box.h">
      <Filter>Header Files</Filter>
    </ClInclude>
    <ClInclude Include="constant_medium.h">
      <Filter>Header Files</Filter>
    </ClInclude>
    <ClInclude Include="External\IMGui\imgui.h">
      <Filter>Resource Files</Filter>
    </ClInclude>
    <ClInclude Include="External\STB_Image\stb_image.h">
      <Filter>Resource Files</Filter>
    </ClInclude>
    <ClInclude Include="External\STB_Image\stb_image_write.h">
      <Filter>Resource Files</Filter>
    </ClInclude>
    <ClInclude Include="External\IMGui\imconfig.h">
      <Filter>Resource Files</Filter>
    </ClInclude>
    <ClInclude Include="External\IMGui\imgui_internal.h">
      <Filter>Resource Files</Filter>
    </ClInclude>
    <ClInclude Include="External\IMGui\imstb_rectpack.h">
      <Filter>Resource Files</Filter>
    </ClInclude>
    <ClInclude Include="External\IMGui\imstb_textedit.h">
      <Filter>Resource Files</Filter>
    </ClInclude>
    <ClInclude Include="External\IMGui\imstb_truetype.h">
      <Filter>Resource Files</Filter>
    </ClInclude>
    <ClInclude Include="External\IMGui\imgui_impl_win32.h">
      <Filter>Resource Files</Filter>
    </ClInclude>
    <ClInclude Include="External\GLFW\include\GLFW\glfw3.h">
      <Filter>Resource Files</Filter>
    </ClInclude>
    <ClInclude Include="pi.h">
      <Filter>Header Files</Filter>
    </ClInclude>
    <ClInclude Include="integrate_x_sq.h">
      <Filter>Header Files</Filter>
    </ClInclude>
    <ClInclude Include="sphere_importance.h">
      <Filter>Header Files</Filter>
    </ClInclude>
    <ClInclude Include="onb.h">
      <Filter>Header Files</Filter>
    </ClInclude>
    <ClInclude Include="cos_density.h">
      <Filter>Header Files</Filter>
    </ClInclude>
  </ItemGroup>
</Project>